
Microsoft Visual Studio Solution File, Format Version 12.00
# Visual Studio Version 17
VisualStudioVersion = 17.0.31423.177
MinimumVisualStudioVersion = 10.0.40219.1
Project("{FAE04EC0-301F-11D3-BF4B-00C04F79EFBC}") = "WebApplication1", "WebApplication1\WebApplication1.csproj", "{27D6054D-A49E-4923-BDD3-D6F0FFE635AF}"
EndProject
Global
	GlobalSection(SolutionConfigurationPlatforms) = preSolution
		Debug|Any CPU = Debug|Any CPU
		Release|Any CPU = Release|Any CPU
	EndGlobalSection
	GlobalSection(ProjectConfigurationPlatforms) = postSolution
		{27D6054D-A49E-4923-BDD3-D6F0FFE635AF}.Debug|Any CPU.ActiveCfg = Debug|Any CPU
		{27D6054D-A49E-4923-BDD3-D6F0FFE635AF}.Debug|Any CPU.Build.0 = Debug|Any CPU
		{27D6054D-A49E-4923-BDD3-D6F0FFE635AF}.Release|Any CPU.ActiveCfg = Release|Any CPU
		{27D6054D-A49E-4923-BDD3-D6F0FFE635AF}.Release|Any CPU.Build.0 = Release|Any CPU
	EndGlobalSection
	GlobalSection(SolutionProperties) = preSolution
		HideSolutionNode = FALSE
	EndGlobalSection
	GlobalSection(ExtensibilityGlobals) = postSolution
		SolutionGuid = {87090FEB-6F4E-4D2B-B590-764D79DC40B9}
	EndGlobalSection
EndGlobal
